
Microsoft Visual Studio Solution File, Format Version 12.00
# Visual Studio 15
VisualStudioVersion = 15.0.28307.1145
MinimumVisualStudioVersion = 10.0.40219.1
Project("{FAE04EC0-301F-11D3-BF4B-00C04F79EFBC}") = "TeknikServis", "TeknikServis\TeknikServis.csproj", "{87C06C66-317A-4592-B2E6-BC3E9D5C5476}"
EndProject
Global
	GlobalSection(SolutionConfigurationPlatforms) = preSolution
		Debug|Any CPU = Debug|Any CPU
		Release|Any CPU = Release|Any CPU
	EndGlobalSection
	GlobalSection(ProjectConfigurationPlatforms) = postSolution
		{87C06C66-317A-4592-B2E6-BC3E9D5C5476}.Debug|Any CPU.ActiveCfg = Debug|Any CPU
		{87C06C66-317A-4592-B2E6-BC3E9D5C5476}.Debug|Any CPU.Build.0 = Debug|Any CPU
		{87C06C66-317A-4592-B2E6-BC3E9D5C5476}.Release|Any CPU.ActiveCfg = Release|Any CPU
		{87C06C66-317A-4592-B2E6-BC3E9D5C5476}.Release|Any CPU.Build.0 = Release|Any CPU
	EndGlobalSection
	GlobalSection(SolutionProperties) = preSolution
		HideSolutionNode = FALSE
	EndGlobalSection
	GlobalSection(ExtensibilityGlobals) = postSolution
		SolutionGuid = {042E7C0F-84A6-42E2-AD4F-BDB3DDCB91C5}
	EndGlobalSection
EndGlobal
